<Solution>
  <Project Path="Backend/IncogNicoInvoicing/IncogNicoInvoicing.csproj" />
  <Project Path="Backend/Invoicing.Business/Invoicing.Business.csproj" />
  <Project Path="Backend/Invoicing.Contract/Invoicing.Contract.csproj" />
  <Project Path="Backend/Invoicing.Domain/Invoicing.Domain.csproj" />
  <Project Path="Backend/Invoicing.Infrastructure/Invoicing.Infrastructure.csproj" />
</Solution>
